{
  "nodes": {
    "nixpkgs": {
      "locked": {
        "lastModified": 1732014248,
        "narHash": "sha256-y/MEyuJ5oBWrWAic/14LaIr/u5E0wRVzyYsouYY3W6w=",
        "owner": "nixos",
        "repo": "nixpkgs",
        "rev": "23e89b7da85c3640bbc2173fe04f4bd114342367",
        "type": "github"
      },
      "original": {
        "owner": "nixos",
        "ref": "nixos-unstable",
        "repo": "nixpkgs",
        "type": "github"
      }
    },
    "root": {
      "inputs": {
        "nixpkgs": "nixpkgs",
        "src": "src"
      }
    },
    "src": {
      "flake": false,
      "locked": {
        "lastModified": 1728156774,
        "narHash": "sha256-jnciA4ifzx9KN1/uMLR9S/oBJlNW42QQOCR52tjUfDU=",
        "owner": "donnieparka",
        "repo": "newP",
        "rev": "b698cd74d52fe7af0cdec057cd06a14f66fa7c9f",
        "type": "github"
      },
      "original": {
        "owner": "donnieparka",
        "repo": "newP",
        "type": "github"
      }
    }
  },
  "root": "root",
  "version": 7
}
