{
  "nodes": {
    "nixpkgs": {
      "locked": {
        "lastModified": 1732014248,
        "narHash": "sha256-y/MEyuJ5oBWrWAic/14LaIr/u5E0wRVzyYsouYY3W6w=",
        "owner": "nixos",
        "repo": "nixpkgs",
        "rev": "23e89b7da85c3640bbc2173fe04f4bd114342367",
        "type": "github"
      },
      "original": {
        "owner": "nixos",
        "ref": "nixos-unstable",
        "repo": "nixpkgs",
        "type": "github"
      }
    },
    "root": {
      "inputs": {
        "nixpkgs": "nixpkgs",
        "src": "src"
      }
    },
    "src": {
      "flake": false,
      "locked": {
        "lastModified": 1732226399,
        "narHash": "sha256-B8xFoV1IL0hUJVKoPgv3Mudww0IvpOsOYZScfuTlC54=",
        "owner": "donnieparka",
        "repo": "newP",
        "rev": "7c4944618d9e889c82a445b74d960ddb398a887f",
        "type": "github"
      },
      "original": {
        "owner": "donnieparka",
        "repo": "newP",
        "type": "github"
      }
    }
  },
  "root": "root",
  "version": 7
}
