{
  "nodes": {
    "nixpkgs": {
      "locked": {
        "lastModified": 1734119587,
        "narHash": "sha256-AKU6qqskl0yf2+JdRdD0cfxX4b9x3KKV5RqA6wijmPM=",
        "owner": "nixos",
        "repo": "nixpkgs",
        "rev": "3566ab7246670a43abd2ffa913cc62dad9cdf7d5",
        "type": "github"
      },
      "original": {
        "owner": "nixos",
        "ref": "nixos-unstable",
        "repo": "nixpkgs",
        "type": "github"
      }
    },
    "root": {
      "inputs": {
        "nixpkgs": "nixpkgs",
        "src": "src"
      }
    },
    "src": {
      "flake": false,
      "locked": {
        "lastModified": 1734462946,
        "narHash": "sha256-WVn21nM/o04FDxzBQ5BtrzQ+rzMtVGUArlttuW3nt7g=",
        "owner": "donnieparka",
        "repo": "newP",
        "rev": "afb098f88f98e074424cf6875d1f5a60939818c8",
        "type": "github"
      },
      "original": {
        "owner": "donnieparka",
        "repo": "newP",
        "type": "github"
      }
    }
  },
  "root": "root",
  "version": 7
}
